{
	"name": "openwanderer-jslib",
	"version": "0.0.2",
	"lockfileVersion": 1,
	"requires": true,
	"dependencies": {
		"@turf/bearing": {
			"version": "6.0.1",
			"resolved": "https://registry.npmjs.org/@turf/bearing/-/bearing-6.0.1.tgz",
			"integrity": "sha512-mXY1NozqV9EFfBTbUItujwfqfQF0G/Xe2fzvnZle90ekPEUfhi4Dgf5JswJTd96J9LiT8kcd6Jonp5khnx0wIg==",
			"requires": {
				"@turf/helpers": "6.x",
				"@turf/invariant": "6.x"
			}
		},
		"@turf/distance": {
			"version": "6.0.1",
			"resolved": "https://registry.npmjs.org/@turf/distance/-/distance-6.0.1.tgz",
			"integrity": "sha512-q7t7rWIWfkg7MP1Vt4uLjSEhe5rPfCO2JjpKmk7JC+QZKEQkuvHEqy3ejW1iC7Kw5ZcZNR3qdMGGz+6HnVwqvg==",
			"requires": {
				"@turf/helpers": "6.x",
				"@turf/invariant": "6.x"
			}
		},
		"@turf/explode": {
			"version": "5.1.5",
			"resolved": "https://registry.npmjs.org/@turf/explode/-/explode-5.1.5.tgz",
			"integrity": "sha1-sSsvd0AEobSPYrqVsgocZVo94Rg=",
			"requires": {
				"@turf/helpers": "^5.1.5",
				"@turf/meta": "^5.1.5"
			},
			"dependencies": {
				"@turf/helpers": {
					"version": "5.1.5",
					"resolved": "https://registry.npmjs.org/@turf/helpers/-/helpers-5.1.5.tgz",
					"integrity": "sha1-FTQFInq5M9AEpbuWQantmZ/L4M8="
				}
			}
		},
		"@turf/helpers": {
			"version": "6.1.4",
			"resolved": "https://registry.npmjs.org/@turf/helpers/-/helpers-6.1.4.tgz",
			"integrity": "sha512-vJvrdOZy1ngC7r3MDA7zIGSoIgyrkWcGnNIEaqn/APmw+bVLF2gAW7HIsdTxd12s5wQMqEpqIQrmrbRRZ0xC7g=="
		},
		"@turf/invariant": {
			"version": "6.1.2",
			"resolved": "https://registry.npmjs.org/@turf/invariant/-/invariant-6.1.2.tgz",
			"integrity": "sha512-WU08Ph8j0J2jVGlQCKChXoCtI50BB3yEH21V++V0T4cR1T27HKCxkehV2sYMwTierfMBgjwSwDIsxnR4/2mWXg==",
			"requires": {
				"@turf/helpers": "6.x"
			}
		},
		"@turf/meta": {
			"version": "5.2.0",
			"resolved": "https://registry.npmjs.org/@turf/meta/-/meta-5.2.0.tgz",
			"integrity": "sha1-OxrUhe4MOwsXdRMqMsOE1T5LpT0=",
			"requires": {
				"@turf/helpers": "^5.1.5"
			},
			"dependencies": {
				"@turf/helpers": {
					"version": "5.1.5",
					"resolved": "https://registry.npmjs.org/@turf/helpers/-/helpers-5.1.5.tgz",
					"integrity": "sha1-FTQFInq5M9AEpbuWQantmZ/L4M8="
				}
			}
		},
		"jsfreemaplib": {
			"version": "0.3.1",
			"resolved": "https://registry.npmjs.org/jsfreemaplib/-/jsfreemaplib-0.3.1.tgz",
			"integrity": "sha512-AAeT9nu4qao+4XXNBQojZiIyO1PHk22xwWLXCC3lF54lVuSZc9m+dO8KWKK/glWU4dJyZPp4WDBh/DZgxqmRTg==",
			"requires": {
				"pngjs": "^5.0.0"
			}
		},
		"minimist": {
			"version": "1.2.5",
			"resolved": "https://registry.npmjs.org/minimist/-/minimist-1.2.5.tgz",
			"integrity": "sha512-FM9nNUYrRBAELZQT3xeZQ7fmMOBg6nWNmJKTcgsJeaLstP/UODVpGsr5OhXhhXg6f+qtJ8uiZ+PUxkDWcgIXLw=="
		},
		"photo-sphere-viewer": {
			"version": "4.0.6",
			"resolved": "https://registry.npmjs.org/photo-sphere-viewer/-/photo-sphere-viewer-4.0.6.tgz",
			"integrity": "sha512-0zuxo7eD7RCSZYQT0cV06a6J/qM/iLqVjNRPh/LXFsQ6lbRRiVmgZvLeP/fMlfxTMRYY5ZeAz4UzzecOv3yDbg==",
			"requires": {
				"three": "^0.118.3",
				"uevent": "~2.0.0"
			}
		},
		"pngjs": {
			"version": "5.0.0",
			"resolved": "https://registry.npmjs.org/pngjs/-/pngjs-5.0.0.tgz",
			"integrity": "sha512-40QW5YalBNfQo5yRYmiw7Yz6TKKVr3h6970B2YE+3fQpsWcrbj1PzJgxeJ19DRQjhMbKPIuMY8rFaXc8moolVw=="
		},
		"three": {
			"version": "0.118.3",
			"resolved": "https://registry.npmjs.org/three/-/three-0.118.3.tgz",
			"integrity": "sha512-ijECXrNzDkHieoeh2H69kgawTGH8DiamhR4uBN8jEM7VHSKvfTdEvOoHsA8Aq7dh7PHAxhlqBsN5arBI3KixSw=="
		},
		"tinyqueue": {
			"version": "2.0.3",
			"resolved": "https://registry.npmjs.org/tinyqueue/-/tinyqueue-2.0.3.tgz",
			"integrity": "sha512-ppJZNDuKGgxzkHihX8v9v9G5f+18gzaTfrukGrq6ueg0lmH4nqVnA2IPG0AEH3jKEk2GRJCUhDoqpoiw3PHLBA=="
		},
		"turf-point": {
			"version": "2.0.1",
			"resolved": "https://registry.npmjs.org/turf-point/-/turf-point-2.0.1.tgz",
			"integrity": "sha1-otzDCi0g9Ez1xicd97riwOIUYGk=",
			"requires": {
				"minimist": "^1.1.0"
			}
		},
		"uevent": {
			"version": "2.0.0",
			"resolved": "https://registry.npmjs.org/uevent/-/uevent-2.0.0.tgz",
			"integrity": "sha512-UWXwwdYnrc/q2AibFqZpq77aKl+uOQdmAZ4SZf4B8kG1Y3eDFGiYqfZ4kaiQZ3jxZDX8XgDm84AAcIWeGu63Zw=="
		}
	}
}
