{
	"name": "openwanderer-jslib",
	"version": "0.0.1",
	"lockfileVersion": 1,
	"requires": true,
	"dependencies": {
		"photo-sphere-viewer": {
			"version": "4.0.6",
			"resolved": "https://registry.npmjs.org/photo-sphere-viewer/-/photo-sphere-viewer-4.0.6.tgz",
			"integrity": "sha512-0zuxo7eD7RCSZYQT0cV06a6J/qM/iLqVjNRPh/LXFsQ6lbRRiVmgZvLeP/fMlfxTMRYY5ZeAz4UzzecOv3yDbg==",
			"requires": {
				"three": "^0.118.3",
				"uevent": "~2.0.0"
			}
		},
		"three": {
			"version": "0.118.3",
			"resolved": "https://registry.npmjs.org/three/-/three-0.118.3.tgz",
			"integrity": "sha512-ijECXrNzDkHieoeh2H69kgawTGH8DiamhR4uBN8jEM7VHSKvfTdEvOoHsA8Aq7dh7PHAxhlqBsN5arBI3KixSw=="
		},
		"uevent": {
			"version": "2.0.0",
			"resolved": "https://registry.npmjs.org/uevent/-/uevent-2.0.0.tgz",
			"integrity": "sha512-UWXwwdYnrc/q2AibFqZpq77aKl+uOQdmAZ4SZf4B8kG1Y3eDFGiYqfZ4kaiQZ3jxZDX8XgDm84AAcIWeGu63Zw=="
		}
	}
}
